
Microsoft Visual Studio Solution File, Format Version 12.00
# Visual Studio 15
VisualStudioVersion = 15.0.28010.2026
MinimumVisualStudioVersion = 10.0.40219.1
Project("{8BC9CEB8-8B4A-11D0-8D11-00A0C91BC942}") = "ConsoleApplication3", "ConsoleApplication3\ConsoleApplication3.vcxproj", "{DF7C7B6D-1477-451E-A614-C7B3ADDA98A1}"
EndProject
Global
	GlobalSection(SolutionConfigurationPlatforms) = preSolution
		Debug|x64 = Debug|x64
		Debug|x86 = Debug|x86
		Release|x64 = Release|x64
		Release|x86 = Release|x86
	EndGlobalSection
	GlobalSection(ProjectConfigurationPlatforms) = postSolution
		{DF7C7B6D-1477-451E-A614-C7B3ADDA98A1}.Debug|x64.ActiveCfg = Debug|x64
		{DF7C7B6D-1477-451E-A614-C7B3ADDA98A1}.Debug|x64.Build.0 = Debug|x64
		{DF7C7B6D-1477-451E-A614-C7B3ADDA98A1}.Debug|x86.ActiveCfg = Debug|Win32
		{DF7C7B6D-1477-451E-A614-C7B3ADDA98A1}.Debug|x86.Build.0 = Debug|Win32
		{DF7C7B6D-1477-451E-A614-C7B3ADDA98A1}.Release|x64.ActiveCfg = Release|x64
		{DF7C7B6D-1477-451E-A614-C7B3ADDA98A1}.Release|x64.Build.0 = Release|x64
		{DF7C7B6D-1477-451E-A614-C7B3ADDA98A1}.Release|x86.ActiveCfg = Release|Win32
		{DF7C7B6D-1477-451E-A614-C7B3ADDA98A1}.Release|x86.Build.0 = Release|Win32
	EndGlobalSection
	GlobalSection(SolutionProperties) = preSolution
		HideSolutionNode = FALSE
	EndGlobalSection
	GlobalSection(ExtensibilityGlobals) = postSolution
		SolutionGuid = {186E8617-B548-417E-8821-AC0EA7235338}
	EndGlobalSection
EndGlobal
